
Microsoft Visual Studio Solution File, Format Version 12.00
# Visual Studio Version 16
VisualStudioVersion = 16.0.30114.105
MinimumVisualStudioVersion = 10.0.40219.1
Project("{9A19103F-16F7-4668-BE54-9A1E7A4F7556}") = "CompsKitMarket", "CompsKitMarket\CompsKitMarket.csproj", "{12D973B5-8115-4DF4-8610-042CA2A92B8E}"
EndProject
Project("{FAE04EC0-301F-11D3-BF4B-00C04F79EFBC}") = "CompsKitMarket.Core", "CompsKitMarket.Core\CompsKitMarket.Core.csproj", "{7CD94395-4581-4349-89D4-808A0CDE52EC}"
EndProject
Global
	GlobalSection(SolutionConfigurationPlatforms) = preSolution
		Debug|Any CPU = Debug|Any CPU
		Release|Any CPU = Release|Any CPU
	EndGlobalSection
	GlobalSection(ProjectConfigurationPlatforms) = postSolution
		{12D973B5-8115-4DF4-8610-042CA2A92B8E}.Debug|Any CPU.ActiveCfg = Debug|Any CPU
		{12D973B5-8115-4DF4-8610-042CA2A92B8E}.Debug|Any CPU.Build.0 = Debug|Any CPU
		{12D973B5-8115-4DF4-8610-042CA2A92B8E}.Release|Any CPU.ActiveCfg = Release|Any CPU
		{12D973B5-8115-4DF4-8610-042CA2A92B8E}.Release|Any CPU.Build.0 = Release|Any CPU
		{7CD94395-4581-4349-89D4-808A0CDE52EC}.Debug|Any CPU.ActiveCfg = Debug|Any CPU
		{7CD94395-4581-4349-89D4-808A0CDE52EC}.Debug|Any CPU.Build.0 = Debug|Any CPU
		{7CD94395-4581-4349-89D4-808A0CDE52EC}.Release|Any CPU.ActiveCfg = Release|Any CPU
		{7CD94395-4581-4349-89D4-808A0CDE52EC}.Release|Any CPU.Build.0 = Release|Any CPU
	EndGlobalSection
	GlobalSection(SolutionProperties) = preSolution
		HideSolutionNode = FALSE
	EndGlobalSection
	GlobalSection(ExtensibilityGlobals) = postSolution
		SolutionGuid = {6F38682E-2264-4D58-A6AA-8B247A2E9B5F}
	EndGlobalSection
EndGlobal
